
Microsoft Visual Studio Solution File, Format Version 12.00
# Visual Studio 15
VisualStudioVersion = 15.0.27428.2043
MinimumVisualStudioVersion = 10.0.40219.1
Project("{8BC9CEB8-8B4A-11D0-8D11-00A0C91BC942}") = "one_neuron_NN", "one_neuron_NN.vcxproj", "{A51E2AA8-FEF9-4D26-945F-181F2AEFBFA1}"
EndProject
Global
	GlobalSection(SolutionConfigurationPlatforms) = preSolution
		Debug|x64 = Debug|x64
		Debug|x86 = Debug|x86
		Release|x64 = Release|x64
		Release|x86 = Release|x86
	EndGlobalSection
	GlobalSection(ProjectConfigurationPlatforms) = postSolution
		{A51E2AA8-FEF9-4D26-945F-181F2AEFBFA1}.Debug|x64.ActiveCfg = Debug|x64
		{A51E2AA8-FEF9-4D26-945F-181F2AEFBFA1}.Debug|x64.Build.0 = Debug|x64
		{A51E2AA8-FEF9-4D26-945F-181F2AEFBFA1}.Debug|x86.ActiveCfg = Debug|Win32
		{A51E2AA8-FEF9-4D26-945F-181F2AEFBFA1}.Debug|x86.Build.0 = Debug|Win32
		{A51E2AA8-FEF9-4D26-945F-181F2AEFBFA1}.Release|x64.ActiveCfg = Release|x64
		{A51E2AA8-FEF9-4D26-945F-181F2AEFBFA1}.Release|x64.Build.0 = Release|x64
		{A51E2AA8-FEF9-4D26-945F-181F2AEFBFA1}.Release|x86.ActiveCfg = Release|Win32
		{A51E2AA8-FEF9-4D26-945F-181F2AEFBFA1}.Release|x86.Build.0 = Release|Win32
	EndGlobalSection
	GlobalSection(SolutionProperties) = preSolution
		HideSolutionNode = FALSE
	EndGlobalSection
	GlobalSection(ExtensibilityGlobals) = postSolution
		SolutionGuid = {BD3B2A56-5FB8-4143-B5FE-61A44DF54EC9}
	EndGlobalSection
EndGlobal
